
Microsoft Visual Studio Solution File, Format Version 12.00
Project("{FAE04EC0-301F-11D3-BF4B-00C04F79EFBC}") = "TestZadanie", "TestZadanie\TestZadanie.csproj", "{6FAE6322-860D-4CF2-8ED2-0662F0E4BBDC}"
EndProject
Global
	GlobalSection(SolutionConfigurationPlatforms) = preSolution
		Debug|Any CPU = Debug|Any CPU
		Release|Any CPU = Release|Any CPU
	EndGlobalSection
	GlobalSection(ProjectConfigurationPlatforms) = postSolution
		{6FAE6322-860D-4CF2-8ED2-0662F0E4BBDC}.Debug|Any CPU.ActiveCfg = Debug|Any CPU
		{6FAE6322-860D-4CF2-8ED2-0662F0E4BBDC}.Debug|Any CPU.Build.0 = Debug|Any CPU
		{6FAE6322-860D-4CF2-8ED2-0662F0E4BBDC}.Release|Any CPU.ActiveCfg = Release|Any CPU
		{6FAE6322-860D-4CF2-8ED2-0662F0E4BBDC}.Release|Any CPU.Build.0 = Release|Any CPU
	EndGlobalSection
EndGlobal
